
Microsoft Visual Studio Solution File, Format Version 12.00
# Visual Studio Version 16
VisualStudioVersion = 25.0.1706.6
MinimumVisualStudioVersion = 10.0.40219.1
Project("{FAE04EC0-301F-11D3-BF4B-00C04F79EFBC}") = "SampleBlazorApp", "SampleBlazorApp\SampleBlazorApp.csproj", "{5D3DAF2F-350B-48B6-B5F9-C5940E266E8D}"
EndProject
Global
	GlobalSection(SolutionConfigurationPlatforms) = preSolution
		Debug|Any CPU = Debug|Any CPU
		Release|Any CPU = Release|Any CPU
	EndGlobalSection
	GlobalSection(ProjectConfigurationPlatforms) = postSolution
		{5D3DAF2F-350B-48B6-B5F9-C5940E266E8D}.Debug|Any CPU.ActiveCfg = Debug|Any CPU
		{5D3DAF2F-350B-48B6-B5F9-C5940E266E8D}.Debug|Any CPU.Build.0 = Debug|Any CPU
		{5D3DAF2F-350B-48B6-B5F9-C5940E266E8D}.Release|Any CPU.ActiveCfg = Release|Any CPU
		{5D3DAF2F-350B-48B6-B5F9-C5940E266E8D}.Release|Any CPU.Build.0 = Release|Any CPU
	EndGlobalSection
	GlobalSection(SolutionProperties) = preSolution
		HideSolutionNode = FALSE
	EndGlobalSection
	GlobalSection(ExtensibilityGlobals) = postSolution
		SolutionGuid = {DBE468B2-45F6-43FF-AA03-BA07A27FC681}
	EndGlobalSection
EndGlobal
